
Microsoft Visual Studio Solution File, Format Version 11.00
# Visual C# Express 2010
Project("{FAE04EC0-301F-11D3-BF4B-00C04F79EFBC}") = "Methods", "Methods\Methods.csproj", "{931941C5-58C5-4439-A2AB-CC0DF7752E45}"
EndProject
Project("{FAE04EC0-301F-11D3-BF4B-00C04F79EFBC}") = "InchesToFeet", "InchesToFeet\InchesToFeet.csproj", "{851B1C82-2DC9-4124-B6A4-4EA844A35507}"
EndProject
Global
	GlobalSection(SolutionConfigurationPlatforms) = preSolution
		Debug|x86 = Debug|x86
		Release|x86 = Release|x86
	EndGlobalSection
	GlobalSection(ProjectConfigurationPlatforms) = postSolution
		{931941C5-58C5-4439-A2AB-CC0DF7752E45}.Debug|x86.ActiveCfg = Debug|x86
		{931941C5-58C5-4439-A2AB-CC0DF7752E45}.Debug|x86.Build.0 = Debug|x86
		{931941C5-58C5-4439-A2AB-CC0DF7752E45}.Release|x86.ActiveCfg = Release|x86
		{931941C5-58C5-4439-A2AB-CC0DF7752E45}.Release|x86.Build.0 = Release|x86
		{851B1C82-2DC9-4124-B6A4-4EA844A35507}.Debug|x86.ActiveCfg = Debug|x86
		{851B1C82-2DC9-4124-B6A4-4EA844A35507}.Debug|x86.Build.0 = Debug|x86
		{851B1C82-2DC9-4124-B6A4-4EA844A35507}.Release|x86.ActiveCfg = Release|x86
		{851B1C82-2DC9-4124-B6A4-4EA844A35507}.Release|x86.Build.0 = Release|x86
	EndGlobalSection
	GlobalSection(SolutionProperties) = preSolution
		HideSolutionNode = FALSE
	EndGlobalSection
EndGlobal
